<?xml version="1.0" encoding="utf-8"?>
<Project ToolsVersion="4.0" xmlns="http://schemas.microsoft.com/developer/msbuild/2003">
  <ItemGroup>
    <Filter Include="src">
      <UniqueIdentifier>{9aaf6216-c9c2-44b2-b246-7c2e184a184b}</UniqueIdentifier>
    </Filter>
    <Filter Include="include">
      <UniqueIdentifier>{c8eabe34-5ac6-4a9d-9a4b-d8c9966f3ff1}</UniqueIdentifier>
    </Filter>
  </ItemGroup>
  <ItemGroup>
    <ClCompile Include="src\main.cpp">
      <Filter>src</Filter>
    </ClCompile>
    <ClCompile Include="src\window.cpp">
      <Filter>src</Filter>
    </ClCompile>
    <ClCompile Include="src\bitmap.cpp">
      <Filter>src</Filter>
    </ClCompile>
    <ClCompile Include="src\color.cpp">
      <Filter>src</Filter>
    </ClCompile>
  </ItemGroup>
  <ItemGroup>
    <ClInclude Include="include\window.h">
      <Filter>include</Filter>
    </ClInclude>
    <ClInclude Include="include\bitmap.h">
      <Filter>include</Filter>
    </ClInclude>
    <ClInclude Include="color.h">
      <Filter>include</Filter>
    </ClInclude>
  </ItemGroup>
</Project>