<?xml version="1.0" encoding="utf-8"?>
<Project ToolsVersion="4.0" xmlns="http://schemas.microsoft.com/developer/msbuild/2003">
  <ItemGroup>
    <Filter Include="src">
      <UniqueIdentifier>{9aaf6216-c9c2-44b2-b246-7c2e184a184b}</UniqueIdentifier>
    </Filter>
    <Filter Include="src\rendering">
      <UniqueIdentifier>{f6068dbd-e132-467d-9676-314576088e87}</UniqueIdentifier>
    </Filter>
    <Filter Include="src\spatial">
      <UniqueIdentifier>{ce2d42ff-039b-4b0d-b294-77055b361e80}</UniqueIdentifier>
    </Filter>
    <Filter Include="src\constants">
      <UniqueIdentifier>{7118bb7f-52d3-48ca-bc03-06abfdf20562}</UniqueIdentifier>
    </Filter>
    <Filter Include="src\browser">
      <UniqueIdentifier>{c40830c2-c049-49b2-b71a-d5061087c317}</UniqueIdentifier>
    </Filter>
    <Filter Include="src\spatial\axially_aligned">
      <UniqueIdentifier>{66241663-e669-418e-96f6-1b8154602265}</UniqueIdentifier>
    </Filter>
    <Filter Include="src\utility">
      <UniqueIdentifier>{dc0de2e7-e950-4d4a-8c2b-bd9604bae6ac}</UniqueIdentifier>
    </Filter>
  </ItemGroup>
  <ItemGroup>
    <ClInclude Include="src\rendering\color.h">
      <Filter>src\rendering</Filter>
    </ClInclude>
    <ClInclude Include="src\main_loop.h">
      <Filter>src</Filter>
    </ClInclude>
    <ClInclude Include="src\window.h">
      <Filter>src</Filter>
    </ClInclude>
    <ClInclude Include="src\rendering\mesh.h">
      <Filter>src\rendering</Filter>
    </ClInclude>
    <ClInclude Include="src\rendering\quad.h">
      <Filter>src\rendering</Filter>
    </ClInclude>
    <ClInclude Include="src\rendering\vertex.h">
      <Filter>src\rendering</Filter>
    </ClInclude>
    <ClInclude Include="src\constants\vector.h">
      <Filter>src\constants</Filter>
    </ClInclude>
    <ClInclude Include="src\spatial\orientation.h">
      <Filter>src\spatial</Filter>
    </ClInclude>
    <ClInclude Include="src\browser\util.h">
      <Filter>src\browser</Filter>
    </ClInclude>
    <ClInclude Include="src\rendering\camera.h">
      <Filter>src\rendering</Filter>
    </ClInclude>
    <ClInclude Include="src\spatial\chunk.h">
      <Filter>src\spatial</Filter>
    </ClInclude>
    <ClInclude Include="src\spatial\chunk_vault.h">
      <Filter>src\spatial</Filter>
    </ClInclude>
    <ClInclude Include="src\utility\functional.h">
      <Filter>src\utility</Filter>
    </ClInclude>
    <ClInclude Include="src\utility\numerical.h">
      <Filter>src\utility</Filter>
    </ClInclude>
    <ClInclude Include="src\utility\serialization.h">
      <Filter>src\utility</Filter>
    </ClInclude>
    <ClInclude Include="src\rendering\texture.h">
      <Filter>src\rendering</Filter>
    </ClInclude>
    <ClInclude Include="src\spatial\offset.h">
      <Filter>src\spatial</Filter>
    </ClInclude>
    <ClInclude Include="src\rendering\pixel_format.h">
      <Filter>src\rendering</Filter>
    </ClInclude>
    <ClInclude Include="src\rendering\pixel_data_type.h">
      <Filter>src\rendering</Filter>
    </ClInclude>
    <ClInclude Include="src\spatial\axially_aligned\plane.h">
      <Filter>src\spatial\axially_aligned</Filter>
    </ClInclude>
    <ClInclude Include="src\spatial\axially_aligned\voxel.h">
      <Filter>src\spatial\axially_aligned</Filter>
    </ClInclude>
    <ClInclude Include="src\spatial\transform.h">
      <Filter>src\spatial</Filter>
    </ClInclude>
    <ClInclude Include="src\spatial\rect_size.h">
      <Filter>src\spatial</Filter>
    </ClInclude>
    <ClInclude Include="src\spatial\ray.h">
      <Filter>src\spatial</Filter>
    </ClInclude>
    <ClInclude Include="src\rendering\renderer.h">
      <Filter>src\rendering</Filter>
    </ClInclude>
    <ClInclude Include="src\ui.h">
      <Filter>src</Filter>
    </ClInclude>
    <ClInclude Include="src\database.h">
      <Filter>src</Filter>
    </ClInclude>
    <ClInclude Include="src\spatial\intersection.h">
      <Filter>src\spatial</Filter>
    </ClInclude>
    <ClInclude Include="src\input.h">
      <Filter>src</Filter>
    </ClInclude>
    <ClInclude Include="src\player.h">
      <Filter>src</Filter>
    </ClInclude>
    <ClInclude Include="src\units.h">
      <Filter>src</Filter>
    </ClInclude>
    <ClInclude Include="src\spatial\utility.h">
      <Filter>src\spatial</Filter>
    </ClInclude>
    <ClInclude Include="src\browser\jsvalue.h" />
    <ClInclude Include="src\constants\runtime_file_paths.h" />
    <ClInclude Include="src\browser\application.h" />
    <ClInclude Include="src\browser\browser.h" />
    <ClInclude Include="src\browser\render_process_handler.h" />
  </ItemGroup>
  <ItemGroup>
    <ClCompile Include="src\rendering\color.cpp">
      <Filter>src\rendering</Filter>
    </ClCompile>
    <ClCompile Include="src\main.cpp">
      <Filter>src</Filter>
    </ClCompile>
    <ClCompile Include="src\main_loop.cpp">
      <Filter>src</Filter>
    </ClCompile>
    <ClCompile Include="src\window.cpp">
      <Filter>src</Filter>
    </ClCompile>
    <ClCompile Include="src\rendering\mesh.cpp">
      <Filter>src\rendering</Filter>
    </ClCompile>
    <ClCompile Include="src\rendering\vertex.cpp">
      <Filter>src\rendering</Filter>
    </ClCompile>
    <ClCompile Include="src\rendering\quad.cpp">
      <Filter>src\rendering</Filter>
    </ClCompile>
    <ClCompile Include="src\constants\vector.cpp">
      <Filter>src\constants</Filter>
    </ClCompile>
    <ClCompile Include="src\spatial\orientation.cpp">
      <Filter>src\spatial</Filter>
    </ClCompile>
    <ClCompile Include="src\rendering\camera.cpp">
      <Filter>src\rendering</Filter>
    </ClCompile>
    <ClCompile Include="src\spatial\chunk.cpp">
      <Filter>src\spatial</Filter>
    </ClCompile>
    <ClCompile Include="src\spatial\chunk_vault.cpp">
      <Filter>src\spatial</Filter>
    </ClCompile>
    <ClCompile Include="src\rendering\texture.cpp">
      <Filter>src\rendering</Filter>
    </ClCompile>
    <ClCompile Include="src\spatial\axially_aligned\plane.cpp">
      <Filter>src\spatial\axially_aligned</Filter>
    </ClCompile>
    <ClCompile Include="src\spatial\axially_aligned\voxel.cpp">
      <Filter>src\spatial\axially_aligned</Filter>
    </ClCompile>
    <ClCompile Include="src\spatial\transform.cpp">
      <Filter>src\spatial</Filter>
    </ClCompile>
    <ClCompile Include="src\spatial\ray.cpp">
      <Filter>src\spatial</Filter>
    </ClCompile>
    <ClCompile Include="src\ui.cpp">
      <Filter>src</Filter>
    </ClCompile>
    <ClCompile Include="src\player.cpp">
      <Filter>src</Filter>
    </ClCompile>
    <ClCompile Include="src\database.cpp">
      <Filter>src</Filter>
    </ClCompile>
    <ClCompile Include="src\input.cpp">
      <Filter>src</Filter>
    </ClCompile>
    <ClCompile Include="src\browser\jsvalue.cpp" />
    <ClCompile Include="src\constants\runtime_file_paths.cpp" />
    <ClCompile Include="src\browser\application.cpp" />
    <ClCompile Include="src\browser\browser.cpp" />
    <ClCompile Include="src\browser\render_process_handler.cpp" />
    <ClCompile Include="src\browser\util.cpp" />
  </ItemGroup>
</Project>