<?xml version="1.0" encoding="utf-8"?>
<Project ToolsVersion="4.0" xmlns="http://schemas.microsoft.com/developer/msbuild/2003">
  <ItemGroup>
    <Filter Include="src">
      <UniqueIdentifier>{9aaf6216-c9c2-44b2-b246-7c2e184a184b}</UniqueIdentifier>
    </Filter>
    <Filter Include="src\rendering">
      <UniqueIdentifier>{f6068dbd-e132-467d-9676-314576088e87}</UniqueIdentifier>
    </Filter>
    <Filter Include="src\spatial">
      <UniqueIdentifier>{ce2d42ff-039b-4b0d-b294-77055b361e80}</UniqueIdentifier>
    </Filter>
    <Filter Include="src\constants">
      <UniqueIdentifier>{7118bb7f-52d3-48ca-bc03-06abfdf20562}</UniqueIdentifier>
    </Filter>
  </ItemGroup>
  <ItemGroup>
    <ClInclude Include="src\rendering\color.h">
      <Filter>src\rendering</Filter>
    </ClInclude>
    <ClInclude Include="src\main_loop.h">
      <Filter>src</Filter>
    </ClInclude>
    <ClInclude Include="src\window.h">
      <Filter>src</Filter>
    </ClInclude>
    <ClInclude Include="src\rendering\mesh.h">
      <Filter>src\rendering</Filter>
    </ClInclude>
    <ClInclude Include="src\rendering\quad.h">
      <Filter>src\rendering</Filter>
    </ClInclude>
    <ClInclude Include="src\rendering\vertex.h">
      <Filter>src\rendering</Filter>
    </ClInclude>
    <ClInclude Include="src\constants\vector.h">
      <Filter>src\constants</Filter>
    </ClInclude>
    <ClInclude Include="src\spatial\orientation.h">
      <Filter>src\spatial</Filter>
    </ClInclude>
    <ClInclude Include="src\rendering\camera.h" />
    <ClInclude Include="src\input.h" />
    <ClInclude Include="src\units.h" />
    <ClInclude Include="src\spatial\transform.h" />
    <ClInclude Include="src\rendering\renderer.h" />
    <ClInclude Include="src\spatial\intersection.h" />
    <ClInclude Include="src\spatial\ray.h" />
    <ClInclude Include="src\spatial\axially_aligned\plane.h" />
    <ClInclude Include="src\spatial\axially_aligned\voxel.h" />
    <ClInclude Include="src\utility\functional.h" />
    <ClInclude Include="src\utility\numerical.h" />
    <ClInclude Include="src\spatial\chunk.h" />
    <ClInclude Include="src\spatial\chunk_vault.h" />
    <ClInclude Include="src\spatial\utility.h" />
    <ClInclude Include="src\utility\serialization.h" />
    <ClInclude Include="src\database.h" />
    <ClInclude Include="src\rendering\ui.h" />
  </ItemGroup>
  <ItemGroup>
    <ClCompile Include="src\rendering\color.cpp">
      <Filter>src\rendering</Filter>
    </ClCompile>
    <ClCompile Include="src\main.cpp">
      <Filter>src</Filter>
    </ClCompile>
    <ClCompile Include="src\main_loop.cpp">
      <Filter>src</Filter>
    </ClCompile>
    <ClCompile Include="src\window.cpp">
      <Filter>src</Filter>
    </ClCompile>
    <ClCompile Include="src\rendering\mesh.cpp">
      <Filter>src\rendering</Filter>
    </ClCompile>
    <ClCompile Include="src\rendering\vertex.cpp">
      <Filter>src\rendering</Filter>
    </ClCompile>
    <ClCompile Include="src\rendering\quad.cpp">
      <Filter>src\rendering</Filter>
    </ClCompile>
    <ClCompile Include="src\constants\vector.cpp">
      <Filter>src\constants</Filter>
    </ClCompile>
    <ClCompile Include="src\spatial\orientation.cpp">
      <Filter>src\spatial</Filter>
    </ClCompile>
    <ClCompile Include="src\rendering\camera.cpp" />
    <ClCompile Include="src\input.cpp" />
    <ClCompile Include="src\spatial\axially_aligned\plane.cpp" />
    <ClCompile Include="src\spatial\transform.cpp" />
    <ClCompile Include="src\spatial\axially_aligned\voxel.cpp" />
    <ClCompile Include="src\spatial\ray.cpp" />
    <ClCompile Include="src\spatial\chunk.cpp" />
    <ClCompile Include="src\spatial\chunk_vault.cpp" />
    <ClCompile Include="src\database.cpp" />
    <ClCompile Include="src\rendering\ui.cpp" />
  </ItemGroup>
</Project>